
Microsoft Visual Studio Solution File, Format Version 12.00
# Visual Studio Version 17
VisualStudioVersion = 17.14.37516.0 d17.14
MinimumVisualStudioVersion = 10.0.40219.1
Project("{8BC9CEB8-8B4A-11D0-8D11-00A0C91BC942}") = "MonitorR0", "MonitorR0.vcxproj", "{09CCB44E-60D0-F0EB-A39B-9C7A3C7F270D}"
EndProject
Global
	GlobalSection(SolutionConfigurationPlatforms) = preSolution
		Debug|ARM64 = Debug|ARM64
		Debug|x64 = Debug|x64
		Release|ARM64 = Release|ARM64
		Release|x64 = Release|x64
	EndGlobalSection
	GlobalSection(ProjectConfigurationPlatforms) = postSolution
		{09CCB44E-60D0-F0EB-A39B-9C7A3C7F270D}.Debug|ARM64.ActiveCfg = Debug|ARM64
		{09CCB44E-60D0-F0EB-A39B-9C7A3C7F270D}.Debug|ARM64.Build.0 = Debug|ARM64
		{09CCB44E-60D0-F0EB-A39B-9C7A3C7F270D}.Debug|ARM64.Deploy.0 = Debug|ARM64
		{09CCB44E-60D0-F0EB-A39B-9C7A3C7F270D}.Debug|x64.ActiveCfg = Debug|x64
		{09CCB44E-60D0-F0EB-A39B-9C7A3C7F270D}.Debug|x64.Build.0 = Debug|x64
		{09CCB44E-60D0-F0EB-A39B-9C7A3C7F270D}.Debug|x64.Deploy.0 = Debug|x64
		{09CCB44E-60D0-F0EB-A39B-9C7A3C7F270D}.Release|ARM64.ActiveCfg = Release|ARM64
		{09CCB44E-60D0-F0EB-A39B-9C7A3C7F270D}.Release|ARM64.Build.0 = Release|ARM64
		{09CCB44E-60D0-F0EB-A39B-9C7A3C7F270D}.Release|ARM64.Deploy.0 = Release|ARM64
		{09CCB44E-60D0-F0EB-A39B-9C7A3C7F270D}.Release|x64.ActiveCfg = Release|x64
		{09CCB44E-60D0-F0EB-A39B-9C7A3C7F270D}.Release|x64.Build.0 = Release|x64
		{09CCB44E-60D0-F0EB-A39B-9C7A3C7F270D}.Release|x64.Deploy.0 = Release|x64
	EndGlobalSection
	GlobalSection(SolutionProperties) = preSolution
		HideSolutionNode = FALSE
	EndGlobalSection
	GlobalSection(ExtensibilityGlobals) = postSolution
		SolutionGuid = {1EB62F92-6E60-4890-9501-A23AA69041D3}
	EndGlobalSection
EndGlobal
